github.com/cespare/xxhash/v2 v2.1.1 h1:6MnRN8NT7+YBpUIWxHtefFZOKTAPgGjpQSxqLNn0+qY=
github.com/cespare/xxhash/v2 v2.1.1/go.mod h1:VGX0DQ3Q6kWi7AoAeZDth3/j3BFtOZR5XLFGgcrjCOs=
github.com/minio/highwayhash v1.0.2 h1:Aak5U0nElisjDCfPSG79Tgzkn2gl66NxOMspRrKnA/g=
github.com/minio/highwayhash v1.0.2/go.mod h1:BQskDq+xkJ12lmlUUi7U0M5Swg3EWR+dLTk+kldvVxY=
golang.org/x/sys v0.0.0-20190130150945-aca44879d564 h1:o6ENHFwwr1TZ9CUPQcfo1HGvLP1OPsPOTB7xCIOPNmU=
golang.org/x/sys v0.0.0-20190130150945-aca44879d564/go.mod h1:STP8DvDyc/dI5b8T5hshtkjS+E42TnysNCUPdjciGhY=
